
Microsoft Visual Studio Solution File, Format Version 12.00
# Visual Studio Version 16
VisualStudioVersion = 16.0.31729.503
MinimumVisualStudioVersion = 10.0.40219.1
Project("{FAE04EC0-301F-11D3-BF4B-00C04F79EFBC}") = "QL_SanBongMini", "QL_SanBongMini.csproj", "{465A4697-C145-425D-AF4E-A9CC1ECFF95F}"
EndProject
Global
	GlobalSection(SolutionConfigurationPlatforms) = preSolution
		Debug|Any CPU = Debug|Any CPU
		Release|Any CPU = Release|Any CPU
	EndGlobalSection
	GlobalSection(ProjectConfigurationPlatforms) = postSolution
		{465A4697-C145-425D-AF4E-A9CC1ECFF95F}.Debug|Any CPU.ActiveCfg = Debug|Any CPU
		{465A4697-C145-425D-AF4E-A9CC1ECFF95F}.Debug|Any CPU.Build.0 = Debug|Any CPU
		{465A4697-C145-425D-AF4E-A9CC1ECFF95F}.Release|Any CPU.ActiveCfg = Release|Any CPU
		{465A4697-C145-425D-AF4E-A9CC1ECFF95F}.Release|Any CPU.Build.0 = Release|Any CPU
	EndGlobalSection
	GlobalSection(SolutionProperties) = preSolution
		HideSolutionNode = FALSE
	EndGlobalSection
	GlobalSection(ExtensibilityGlobals) = postSolution
		SolutionGuid = {7A1D106C-54F7-44B9-AC8B-AD75942A5E48}
	EndGlobalSection
EndGlobal
